
Microsoft Visual Studio Solution File, Format Version 12.00
# Visual Studio Version 17
VisualStudioVersion = 17.4.33103.184
MinimumVisualStudioVersion = 10.0.40219.1
Project("{FAE04EC0-301F-11D3-BF4B-00C04F79EFBC}") = "Lab4(7.2)", "Lab4(7.2)\Lab4(7.2).csproj", "{72444B59-5524-4A27-8C30-02067DC7EC21}"
EndProject
Global
	GlobalSection(SolutionConfigurationPlatforms) = preSolution
		Debug|Any CPU = Debug|Any CPU
		Release|Any CPU = Release|Any CPU
	EndGlobalSection
	GlobalSection(ProjectConfigurationPlatforms) = postSolution
		{72444B59-5524-4A27-8C30-02067DC7EC21}.Debug|Any CPU.ActiveCfg = Debug|Any CPU
		{72444B59-5524-4A27-8C30-02067DC7EC21}.Debug|Any CPU.Build.0 = Debug|Any CPU
		{72444B59-5524-4A27-8C30-02067DC7EC21}.Release|Any CPU.ActiveCfg = Release|Any CPU
		{72444B59-5524-4A27-8C30-02067DC7EC21}.Release|Any CPU.Build.0 = Release|Any CPU
	EndGlobalSection
	GlobalSection(SolutionProperties) = preSolution
		HideSolutionNode = FALSE
	EndGlobalSection
	GlobalSection(ExtensibilityGlobals) = postSolution
		SolutionGuid = {7C2C3780-3F40-49B2-94B6-20B188ED0D63}
	EndGlobalSection
EndGlobal
